// !$*UTF8*$!
{
	archiveVersion = 1;
	classes = {
	};
	objectVersion = 51;
	objects = {

/* Begin PBXBuildFile section */
		71B905F6EB14F565B054D0CF /* Pods_FootballLeague.framework in Frameworks */ = {isa = PBXBuildFile; fileRef = 19108274C83A526F092F3F8D /* Pods_FootballLeague.framework */; };
		D9CAF5E6269F4CE800BDEE4C /* AppDelegate.swift in Sources */ = {isa = PBXBuildFile; fileRef = D9CAF5E5269F4CE800BDEE4C /* AppDelegate.swift */; };
		D9CAF5EF269F4CEE00BDEE4C /* Assets.xcassets in Resources */ = {isa = PBXBuildFile; fileRef = D9CAF5EE269F4CEE00BDEE4C /* Assets.xcassets */; };
		D9CAF5F2269F4CEE00BDEE4C /* LaunchScreen.storyboard in Resources */ = {isa = PBXBuildFile; fileRef = D9CAF5F0269F4CEE00BDEE4C /* LaunchScreen.storyboard */; };
		D9CAF600269F52E500BDEE4C /* LeagueTeamsViewController.swift in Sources */ = {isa = PBXBuildFile; fileRef = D9CAF5FE269F52E500BDEE4C /* LeagueTeamsViewController.swift */; };
		D9CAF601269F52E500BDEE4C /* LeagueTeamsViewController.xib in Resources */ = {isa = PBXBuildFile; fileRef = D9CAF5FF269F52E500BDEE4C /* LeagueTeamsViewController.xib */; };
		D9CAF604269F530400BDEE4C /* TeamInfoViewController.swift in Sources */ = {isa = PBXBuildFile; fileRef = D9CAF602269F530400BDEE4C /* TeamInfoViewController.swift */; };
		D9CAF605269F530400BDEE4C /* TeamInfoViewController.xib in Resources */ = {isa = PBXBuildFile; fileRef = D9CAF603269F530400BDEE4C /* TeamInfoViewController.xib */; };
		D9CAF610269F701900BDEE4C /* MoyaServiceHelper.swift in Sources */ = {isa = PBXBuildFile; fileRef = D9CAF60F269F701900BDEE4C /* MoyaServiceHelper.swift */; };
		D9CAF612269F704100BDEE4C /* ServiceType.swift in Sources */ = {isa = PBXBuildFile; fileRef = D9CAF611269F704100BDEE4C /* ServiceType.swift */; };
		D9CAF617269FBBA300BDEE4C /* ActivityIndicator.swift in Sources */ = {isa = PBXBuildFile; fileRef = D9CAF616269FBBA300BDEE4C /* ActivityIndicator.swift */; };
		D9CAF61B269FBBDE00BDEE4C /* UIViewController.swift in Sources */ = {isa = PBXBuildFile; fileRef = D9CAF61A269FBBDE00BDEE4C /* UIViewController.swift */; };
		D9CAF61D269FBC4600BDEE4C /* UIApplication.swift in Sources */ = {isa = PBXBuildFile; fileRef = D9CAF61C269FBC4600BDEE4C /* UIApplication.swift */; };
		D9CAF61F269FBCF500BDEE4C /* UIViewController + NVActivityIndicator.swift in Sources */ = {isa = PBXBuildFile; fileRef = D9CAF61E269FBCF500BDEE4C /* UIViewController + NVActivityIndicator.swift */; };
		D9CAF622269FBE2B00BDEE4C /* BaseAPIParametersProtocol.swift in Sources */ = {isa = PBXBuildFile; fileRef = D9CAF621269FBE2B00BDEE4C /* BaseAPIParametersProtocol.swift */; };
/* End PBXBuildFile section */

/* Begin PBXFileReference section */
		19108274C83A526F092F3F8D /* Pods_FootballLeague.framework */ = {isa = PBXFileReference; explicitFileType = wrapper.framework; includeInIndex = 0; path = Pods_FootballLeague.framework; sourceTree = BUILT_PRODUCTS_DIR; };
		1C659D981BECC5E5305105FC /* Pods-FootballLeague.debug.xcconfig */ = {isa = PBXFileReference; includeInIndex = 1; lastKnownFileType = text.xcconfig; name = "Pods-FootballLeague.debug.xcconfig"; path = "Target Support Files/Pods-FootballLeague/Pods-FootballLeague.debug.xcconfig"; sourceTree = "<group>"; };
		2352D92B71A5EC82A2D598E8 /* Pods-FootballLeague.release.xcconfig */ = {isa = PBXFileReference; includeInIndex = 1; lastKnownFileType = text.xcconfig; name = "Pods-FootballLeague.release.xcconfig"; path = "Target Support Files/Pods-FootballLeague/Pods-FootballLeague.release.xcconfig"; sourceTree = "<group>"; };
		D9CAF5E2269F4CE800BDEE4C /* FootballLeague.app */ = {isa = PBXFileReference; explicitFileType = wrapper.application; includeInIndex = 0; path = FootballLeague.app; sourceTree = BUILT_PRODUCTS_DIR; };
		D9CAF5E5269F4CE800BDEE4C /* AppDelegate.swift */ = {isa = PBXFileReference; lastKnownFileType = sourcecode.swift; path = AppDelegate.swift; sourceTree = "<group>"; };
		D9CAF5EE269F4CEE00BDEE4C /* Assets.xcassets */ = {isa = PBXFileReference; lastKnownFileType = folder.assetcatalog; path = Assets.xcassets; sourceTree = "<group>"; };
		D9CAF5F1269F4CEE00BDEE4C /* Base */ = {isa = PBXFileReference; lastKnownFileType = file.storyboard; name = Base; path = Base.lproj/LaunchScreen.storyboard; sourceTree = "<group>"; };
		D9CAF5F3269F4CEE00BDEE4C /* Info.plist */ = {isa = PBXFileReference; lastKnownFileType = text.plist.xml; path = Info.plist; sourceTree = "<group>"; };
		D9CAF5FE269F52E500BDEE4C /* LeagueTeamsViewController.swift */ = {isa = PBXFileReference; lastKnownFileType = sourcecode.swift; path = LeagueTeamsViewController.swift; sourceTree = "<group>"; };
		D9CAF5FF269F52E500BDEE4C /* LeagueTeamsViewController.xib */ = {isa = PBXFileReference; lastKnownFileType = file.xib; path = LeagueTeamsViewController.xib; sourceTree = "<group>"; };
		D9CAF602269F530400BDEE4C /* TeamInfoViewController.swift */ = {isa = PBXFileReference; lastKnownFileType = sourcecode.swift; path = TeamInfoViewController.swift; sourceTree = "<group>"; };
		D9CAF603269F530400BDEE4C /* TeamInfoViewController.xib */ = {isa = PBXFileReference; lastKnownFileType = file.xib; path = TeamInfoViewController.xib; sourceTree = "<group>"; };
		D9CAF60F269F701900BDEE4C /* MoyaServiceHelper.swift */ = {isa = PBXFileReference; lastKnownFileType = sourcecode.swift; path = MoyaServiceHelper.swift; sourceTree = "<group>"; };
		D9CAF611269F704100BDEE4C /* ServiceType.swift */ = {isa = PBXFileReference; lastKnownFileType = sourcecode.swift; path = ServiceType.swift; sourceTree = "<group>"; };
		D9CAF616269FBBA300BDEE4C /* ActivityIndicator.swift */ = {isa = PBXFileReference; lastKnownFileType = sourcecode.swift; path = ActivityIndicator.swift; sourceTree = "<group>"; };
		D9CAF61A269FBBDE00BDEE4C /* UIViewController.swift */ = {isa = PBXFileReference; lastKnownFileType = sourcecode.swift; path = UIViewController.swift; sourceTree = "<group>"; };
		D9CAF61C269FBC4600BDEE4C /* UIApplication.swift */ = {isa = PBXFileReference; lastKnownFileType = sourcecode.swift; path = UIApplication.swift; sourceTree = "<group>"; };
		D9CAF61E269FBCF500BDEE4C /* UIViewController + NVActivityIndicator.swift */ = {isa = PBXFileReference; lastKnownFileType = sourcecode.swift; path = "UIViewController + NVActivityIndicator.swift"; sourceTree = "<group>"; };
		D9CAF621269FBE2B00BDEE4C /* BaseAPIParametersProtocol.swift */ = {isa = PBXFileReference; lastKnownFileType = sourcecode.swift; path = BaseAPIParametersProtocol.swift; sourceTree = "<group>"; };
/* End PBXFileReference section */

/* Begin PBXFrameworksBuildPhase section */
		D9CAF5DF269F4CE800BDEE4C /* Frameworks */ = {
			isa = PBXFrameworksBuildPhase;
			buildActionMask = 2147483647;
			files = (
				71B905F6EB14F565B054D0CF /* Pods_FootballLeague.framework in Frameworks */,
			);
			runOnlyForDeploymentPostprocessing = 0;
		};
/* End PBXFrameworksBuildPhase section */

/* Begin PBXGroup section */
		0256D711070FF74C6A7BDD20 /* Pods */ = {
			isa = PBXGroup;
			children = (
				1C659D981BECC5E5305105FC /* Pods-FootballLeague.debug.xcconfig */,
				2352D92B71A5EC82A2D598E8 /* Pods-FootballLeague.release.xcconfig */,
			);
			path = Pods;
			sourceTree = "<group>";
		};
		0D50DA5F2EDB0BCBF3776F54 /* Frameworks */ = {
			isa = PBXGroup;
			children = (
				19108274C83A526F092F3F8D /* Pods_FootballLeague.framework */,
			);
			name = Frameworks;
			sourceTree = "<group>";
		};
		D9CAF5D9269F4CE800BDEE4C = {
			isa = PBXGroup;
			children = (
				D9CAF5E4269F4CE800BDEE4C /* FootballLeague */,
				D9CAF5E3269F4CE800BDEE4C /* Products */,
				0256D711070FF74C6A7BDD20 /* Pods */,
				0D50DA5F2EDB0BCBF3776F54 /* Frameworks */,
			);
			sourceTree = "<group>";
		};
		D9CAF5E3269F4CE800BDEE4C /* Products */ = {
			isa = PBXGroup;
			children = (
				D9CAF5E2269F4CE800BDEE4C /* FootballLeague.app */,
			);
			name = Products;
			sourceTree = "<group>";
		};
		D9CAF5E4269F4CE800BDEE4C /* FootballLeague */ = {
			isa = PBXGroup;
			children = (
				D9CAF5F9269F518F00BDEE4C /* App */,
				D9CAF5FD269F526B00BDEE4C /* Configuration */,
				D9CAF5FC269F524D00BDEE4C /* Resources */,
				D9CAF60C269F6F8900BDEE4C /* Services */,
				D9CAF613269FBB7B00BDEE4C /* Core */,
				D9CAF5FA269F523D00BDEE4C /* Screens */,
				D9CAF606269F530E00BDEE4C /* Modules */,
			);
			path = FootballLeague;
			sourceTree = "<group>";
		};
		D9CAF5F9269F518F00BDEE4C /* App */ = {
			isa = PBXGroup;
			children = (
				D9CAF5E5269F4CE800BDEE4C /* AppDelegate.swift */,
			);
			path = App;
			sourceTree = "<group>";
		};
		D9CAF5FA269F523D00BDEE4C /* Screens */ = {
			isa = PBXGroup;
			children = (
				D9CAF5F0269F4CEE00BDEE4C /* LaunchScreen.storyboard */,
				D9CAF5FF269F52E500BDEE4C /* LeagueTeamsViewController.xib */,
				D9CAF603269F530400BDEE4C /* TeamInfoViewController.xib */,
			);
			path = Screens;
			sourceTree = "<group>";
		};
		D9CAF5FC269F524D00BDEE4C /* Resources */ = {
			isa = PBXGroup;
			children = (
				D9CAF5EE269F4CEE00BDEE4C /* Assets.xcassets */,
			);
			path = Resources;
			sourceTree = "<group>";
		};
		D9CAF5FD269F526B00BDEE4C /* Configuration */ = {
			isa = PBXGroup;
			children = (
				D9CAF5F3269F4CEE00BDEE4C /* Info.plist */,
			);
			path = Configuration;
			sourceTree = "<group>";
		};
		D9CAF606269F530E00BDEE4C /* Modules */ = {
			isa = PBXGroup;
			children = (
				D9CAF60B269F55DE00BDEE4C /* Shared */,
				D9CAF607269F532A00BDEE4C /* League Teams */,
				D9CAF609269F534300BDEE4C /* Team Info */,
			);
			path = Modules;
			sourceTree = "<group>";
		};
		D9CAF607269F532A00BDEE4C /* League Teams */ = {
			isa = PBXGroup;
			children = (
				D9CAF608269F533C00BDEE4C /* Controller */,
			);
			path = "League Teams";
			sourceTree = "<group>";
		};
		D9CAF608269F533C00BDEE4C /* Controller */ = {
			isa = PBXGroup;
			children = (
				D9CAF5FE269F52E500BDEE4C /* LeagueTeamsViewController.swift */,
			);
			path = Controller;
			sourceTree = "<group>";
		};
		D9CAF609269F534300BDEE4C /* Team Info */ = {
			isa = PBXGroup;
			children = (
				D9CAF60A269F534900BDEE4C /* Controller */,
			);
			path = "Team Info";
			sourceTree = "<group>";
		};
		D9CAF60A269F534900BDEE4C /* Controller */ = {
			isa = PBXGroup;
			children = (
				D9CAF602269F530400BDEE4C /* TeamInfoViewController.swift */,
			);
			path = Controller;
			sourceTree = "<group>";
		};
		D9CAF60B269F55DE00BDEE4C /* Shared */ = {
			isa = PBXGroup;
			children = (
			);
			path = Shared;
			sourceTree = "<group>";
		};
		D9CAF60C269F6F8900BDEE4C /* Services */ = {
			isa = PBXGroup;
			children = (
				D9CAF60D269F6FA200BDEE4C /* Remote */,
			);
			path = Services;
			sourceTree = "<group>";
		};
		D9CAF60D269F6FA200BDEE4C /* Remote */ = {
			isa = PBXGroup;
			children = (
				D9CAF620269FBD6E00BDEE4C /* Modules */,
				D9CAF60E269F6FB100BDEE4C /* Base */,
			);
			path = Remote;
			sourceTree = "<group>";
		};
		D9CAF60E269F6FB100BDEE4C /* Base */ = {
			isa = PBXGroup;
			children = (
				D9CAF611269F704100BDEE4C /* ServiceType.swift */,
				D9CAF60F269F701900BDEE4C /* MoyaServiceHelper.swift */,
				D9CAF621269FBE2B00BDEE4C /* BaseAPIParametersProtocol.swift */,
			);
			path = Base;
			sourceTree = "<group>";
		};
		D9CAF613269FBB7B00BDEE4C /* Core */ = {
			isa = PBXGroup;
			children = (
				D9CAF618269FBBC500BDEE4C /* Extensions */,
				D9CAF614269FBB8100BDEE4C /* Reusable UI */,
			);
			path = Core;
			sourceTree = "<group>";
		};
		D9CAF614269FBB8100BDEE4C /* Reusable UI */ = {
			isa = PBXGroup;
			children = (
				D9CAF615269FBB9600BDEE4C /* Views */,
			);
			path = "Reusable UI";
			sourceTree = "<group>";
		};
		D9CAF615269FBB9600BDEE4C /* Views */ = {
			isa = PBXGroup;
			children = (
				D9CAF616269FBBA300BDEE4C /* ActivityIndicator.swift */,
			);
			path = Views;
			sourceTree = "<group>";
		};
		D9CAF618269FBBC500BDEE4C /* Extensions */ = {
			isa = PBXGroup;
			children = (
				D9CAF619269FBBCD00BDEE4C /* UIKit */,
			);
			path = Extensions;
			sourceTree = "<group>";
		};
		D9CAF619269FBBCD00BDEE4C /* UIKit */ = {
			isa = PBXGroup;
			children = (
				D9CAF61A269FBBDE00BDEE4C /* UIViewController.swift */,
				D9CAF61E269FBCF500BDEE4C /* UIViewController + NVActivityIndicator.swift */,
				D9CAF61C269FBC4600BDEE4C /* UIApplication.swift */,
			);
			path = UIKit;
			sourceTree = "<group>";
		};
		D9CAF620269FBD6E00BDEE4C /* Modules */ = {
			isa = PBXGroup;
			children = (
			);
			path = Modules;
			sourceTree = "<group>";
		};
/* End PBXGroup section */

/* Begin PBXNativeTarget section */
		D9CAF5E1269F4CE800BDEE4C /* FootballLeague */ = {
			isa = PBXNativeTarget;
			buildConfigurationList = D9CAF5F6269F4CEE00BDEE4C /* Build configuration list for PBXNativeTarget "FootballLeague" */;
			buildPhases = (
				3085101A6539255E69A16A67 /* [CP] Check Pods Manifest.lock */,
				D9CAF5DE269F4CE800BDEE4C /* Sources */,
				D9CAF5DF269F4CE800BDEE4C /* Frameworks */,
				D9CAF5E0269F4CE800BDEE4C /* Resources */,
				DED2FEF7DE811E1A438EB397 /* [CP] Embed Pods Frameworks */,
			);
			buildRules = (
			);
			dependencies = (
			);
			name = FootballLeague;
			productName = FootballLeague;
			productReference = D9CAF5E2269F4CE800BDEE4C /* FootballLeague.app */;
			productType = "com.apple.product-type.application";
		};
/* End PBXNativeTarget section */

/* Begin PBXProject section */
		D9CAF5DA269F4CE800BDEE4C /* Project object */ = {
			isa = PBXProject;
			attributes = {
				LastSwiftUpdateCheck = 1250;
				LastUpgradeCheck = 1250;
				ORGANIZATIONNAME = "Mohamed Shemy";
				TargetAttributes = {
					D9CAF5E1269F4CE800BDEE4C = {
						CreatedOnToolsVersion = 12.5;
					};
				};
			};
			buildConfigurationList = D9CAF5DD269F4CE800BDEE4C /* Build configuration list for PBXProject "FootballLeague" */;
			compatibilityVersion = "Xcode 9.3";
			developmentRegion = en;
			hasScannedForEncodings = 0;
			knownRegions = (
				en,
				Base,
			);
			mainGroup = D9CAF5D9269F4CE800BDEE4C;
			productRefGroup = D9CAF5E3269F4CE800BDEE4C /* Products */;
			projectDirPath = "";
			projectRoot = "";
			targets = (
				D9CAF5E1269F4CE800BDEE4C /* FootballLeague */,
			);
		};
/* End PBXProject section */

/* Begin PBXResourcesBuildPhase section */
		D9CAF5E0269F4CE800BDEE4C /* Resources */ = {
			isa = PBXResourcesBuildPhase;
			buildActionMask = 2147483647;
			files = (
				D9CAF5F2269F4CEE00BDEE4C /* LaunchScreen.storyboard in Resources */,
				D9CAF605269F530400BDEE4C /* TeamInfoViewController.xib in Resources */,
				D9CAF601269F52E500BDEE4C /* LeagueTeamsViewController.xib in Resources */,
				D9CAF5EF269F4CEE00BDEE4C /* Assets.xcassets in Resources */,
			);
			runOnlyForDeploymentPostprocessing = 0;
		};
/* End PBXResourcesBuildPhase section */

/* Begin PBXShellScriptBuildPhase section */
		3085101A6539255E69A16A67 /* [CP] Check Pods Manifest.lock */ = {
			isa = PBXShellScriptBuildPhase;
			buildActionMask = 2147483647;
			files = (
			);
			inputFileListPaths = (
			);
			inputPaths = (
				"${PODS_PODFILE_DIR_PATH}/Podfile.lock",
				"${PODS_ROOT}/Manifest.lock",
			);
			name = "[CP] Check Pods Manifest.lock";
			outputFileListPaths = (
			);
			outputPaths = (
				"$(DERIVED_FILE_DIR)/Pods-FootballLeague-checkManifestLockResult.txt",
			);
			runOnlyForDeploymentPostprocessing = 0;
			shellPath = /bin/sh;
			shellScript = "diff \"${PODS_PODFILE_DIR_PATH}/Podfile.lock\" \"${PODS_ROOT}/Manifest.lock\" > /dev/null\nif [ $? != 0 ] ; then\n    # print error to STDERR\n    echo \"error: The sandbox is not in sync with the Podfile.lock. Run 'pod install' or update your CocoaPods installation.\" >&2\n    exit 1\nfi\n# This output is used by Xcode 'outputs' to avoid re-running this script phase.\necho \"SUCCESS\" > \"${SCRIPT_OUTPUT_FILE_0}\"\n";
			showEnvVarsInLog = 0;
		};
		DED2FEF7DE811E1A438EB397 /* [CP] Embed Pods Frameworks */ = {
			isa = PBXShellScriptBuildPhase;
			buildActionMask = 2147483647;
			files = (
			);
			inputFileListPaths = (
				"${PODS_ROOT}/Target Support Files/Pods-FootballLeague/Pods-FootballLeague-frameworks-${CONFIGURATION}-input-files.xcfilelist",
			);
			name = "[CP] Embed Pods Frameworks";
			outputFileListPaths = (
				"${PODS_ROOT}/Target Support Files/Pods-FootballLeague/Pods-FootballLeague-frameworks-${CONFIGURATION}-output-files.xcfilelist",
			);
			runOnlyForDeploymentPostprocessing = 0;
			shellPath = /bin/sh;
			shellScript = "\"${PODS_ROOT}/Target Support Files/Pods-FootballLeague/Pods-FootballLeague-frameworks.sh\"\n";
			showEnvVarsInLog = 0;
		};
/* End PBXShellScriptBuildPhase section */

/* Begin PBXSourcesBuildPhase section */
		D9CAF5DE269F4CE800BDEE4C /* Sources */ = {
			isa = PBXSourcesBuildPhase;
			buildActionMask = 2147483647;
			files = (
				D9CAF61D269FBC4600BDEE4C /* UIApplication.swift in Sources */,
				D9CAF61B269FBBDE00BDEE4C /* UIViewController.swift in Sources */,
				D9CAF612269F704100BDEE4C /* ServiceType.swift in Sources */,
				D9CAF600269F52E500BDEE4C /* LeagueTeamsViewController.swift in Sources */,
				D9CAF610269F701900BDEE4C /* MoyaServiceHelper.swift in Sources */,
				D9CAF604269F530400BDEE4C /* TeamInfoViewController.swift in Sources */,
				D9CAF617269FBBA300BDEE4C /* ActivityIndicator.swift in Sources */,
				D9CAF5E6269F4CE800BDEE4C /* AppDelegate.swift in Sources */,
				D9CAF61F269FBCF500BDEE4C /* UIViewController + NVActivityIndicator.swift in Sources */,
				D9CAF622269FBE2B00BDEE4C /* BaseAPIParametersProtocol.swift in Sources */,
			);
			runOnlyForDeploymentPostprocessing = 0;
		};
/* End PBXSourcesBuildPhase section */

/* Begin PBXVariantGroup section */
		D9CAF5F0269F4CEE00BDEE4C /* LaunchScreen.storyboard */ = {
			isa = PBXVariantGroup;
			children = (
				D9CAF5F1269F4CEE00BDEE4C /* Base */,
			);
			name = LaunchScreen.storyboard;
			sourceTree = "<group>";
		};
/* End PBXVariantGroup section */

/* Begin XCBuildConfiguration section */
		D9CAF5F4269F4CEE00BDEE4C /* Debug */ = {
			isa = XCBuildConfiguration;
			buildSettings = {
				ALWAYS_SEARCH_USER_PATHS = NO;
				CLANG_ANALYZER_NONNULL = YES;
				CLANG_ANALYZER_NUMBER_OBJECT_CONVERSION = YES_AGGRESSIVE;
				CLANG_CXX_LANGUAGE_STANDARD = "gnu++14";
				CLANG_CXX_LIBRARY = "libc++";
				CLANG_ENABLE_MODULES = YES;
				CLANG_ENABLE_OBJC_ARC = YES;
				CLANG_ENABLE_OBJC_WEAK = YES;
				CLANG_WARN_BLOCK_CAPTURE_AUTORELEASING = YES;
				CLANG_WARN_BOOL_CONVERSION = YES;
				CLANG_WARN_COMMA = YES;
				CLANG_WARN_CONSTANT_CONVERSION = YES;
				CLANG_WARN_DEPRECATED_OBJC_IMPLEMENTATIONS = YES;
				CLANG_WARN_DIRECT_OBJC_ISA_USAGE = YES_ERROR;
				CLANG_WARN_DOCUMENTATION_COMMENTS = YES;
				CLANG_WARN_EMPTY_BODY = YES;
				CLANG_WARN_ENUM_CONVERSION = YES;
				CLANG_WARN_INFINITE_RECURSION = YES;
				CLANG_WARN_INT_CONVERSION = YES;
				CLANG_WARN_NON_LITERAL_NULL_CONVERSION = YES;
				CLANG_WARN_OBJC_IMPLICIT_RETAIN_SELF = YES;
				CLANG_WARN_OBJC_LITERAL_CONVERSION = YES;
				CLANG_WARN_OBJC_ROOT_CLASS = YES_ERROR;
				CLANG_WARN_QUOTED_INCLUDE_IN_FRAMEWORK_HEADER = YES;
				CLANG_WARN_RANGE_LOOP_ANALYSIS = YES;
				CLANG_WARN_STRICT_PROTOTYPES = YES;
				CLANG_WARN_SUSPICIOUS_MOVE = YES;
				CLANG_WARN_UNGUARDED_AVAILABILITY = YES_AGGRESSIVE;
				CLANG_WARN_UNREACHABLE_CODE = YES;
				CLANG_WARN__DUPLICATE_METHOD_MATCH = YES;
				COPY_PHASE_STRIP = NO;
				DEBUG_INFORMATION_FORMAT = dwarf;
				ENABLE_STRICT_OBJC_MSGSEND = YES;
				ENABLE_TESTABILITY = YES;
				GCC_C_LANGUAGE_STANDARD = gnu11;
				GCC_DYNAMIC_NO_PIC = NO;
				GCC_NO_COMMON_BLOCKS = YES;
				GCC_OPTIMIZATION_LEVEL = 0;
				GCC_PREPROCESSOR_DEFINITIONS = (
					"DEBUG=1",
					"$(inherited)",
				);
				GCC_WARN_64_TO_32_BIT_CONVERSION = YES;
				GCC_WARN_ABOUT_RETURN_TYPE = YES_ERROR;
				GCC_WARN_UNDECLARED_SELECTOR = YES;
				GCC_WARN_UNINITIALIZED_AUTOS = YES_AGGRESSIVE;
				GCC_WARN_UNUSED_FUNCTION = YES;
				GCC_WARN_UNUSED_VARIABLE = YES;
				IPHONEOS_DEPLOYMENT_TARGET = 12.1;
				MTL_ENABLE_DEBUG_INFO = INCLUDE_SOURCE;
				MTL_FAST_MATH = YES;
				ONLY_ACTIVE_ARCH = YES;
				SDKROOT = iphoneos;
				SWIFT_ACTIVE_COMPILATION_CONDITIONS = DEBUG;
				SWIFT_OPTIMIZATION_LEVEL = "-Onone";
			};
			name = Debug;
		};
		D9CAF5F5269F4CEE00BDEE4C /* Release */ = {
			isa = XCBuildConfiguration;
			buildSettings = {
				ALWAYS_SEARCH_USER_PATHS = NO;
				CLANG_ANALYZER_NONNULL = YES;
				CLANG_ANALYZER_NUMBER_OBJECT_CONVERSION = YES_AGGRESSIVE;
				CLANG_CXX_LANGUAGE_STANDARD = "gnu++14";
				CLANG_CXX_LIBRARY = "libc++";
				CLANG_ENABLE_MODULES = YES;
				CLANG_ENABLE_OBJC_ARC = YES;
				CLANG_ENABLE_OBJC_WEAK = YES;
				CLANG_WARN_BLOCK_CAPTURE_AUTORELEASING = YES;
				CLANG_WARN_BOOL_CONVERSION = YES;
				CLANG_WARN_COMMA = YES;
				CLANG_WARN_CONSTANT_CONVERSION = YES;
				CLANG_WARN_DEPRECATED_OBJC_IMPLEMENTATIONS = YES;
				CLANG_WARN_DIRECT_OBJC_ISA_USAGE = YES_ERROR;
				CLANG_WARN_DOCUMENTATION_COMMENTS = YES;
				CLANG_WARN_EMPTY_BODY = YES;
				CLANG_WARN_ENUM_CONVERSION = YES;
				CLANG_WARN_INFINITE_RECURSION = YES;
				CLANG_WARN_INT_CONVERSION = YES;
				CLANG_WARN_NON_LITERAL_NULL_CONVERSION = YES;
				CLANG_WARN_OBJC_IMPLICIT_RETAIN_SELF = YES;
				CLANG_WARN_OBJC_LITERAL_CONVERSION = YES;
				CLANG_WARN_OBJC_ROOT_CLASS = YES_ERROR;
				CLANG_WARN_QUOTED_INCLUDE_IN_FRAMEWORK_HEADER = YES;
				CLANG_WARN_RANGE_LOOP_ANALYSIS = YES;
				CLANG_WARN_STRICT_PROTOTYPES = YES;
				CLANG_WARN_SUSPICIOUS_MOVE = YES;
				CLANG_WARN_UNGUARDED_AVAILABILITY = YES_AGGRESSIVE;
				CLANG_WARN_UNREACHABLE_CODE = YES;
				CLANG_WARN__DUPLICATE_METHOD_MATCH = YES;
				COPY_PHASE_STRIP = NO;
				DEBUG_INFORMATION_FORMAT = "dwarf-with-dsym";
				ENABLE_NS_ASSERTIONS = NO;
				ENABLE_STRICT_OBJC_MSGSEND = YES;
				GCC_C_LANGUAGE_STANDARD = gnu11;
				GCC_NO_COMMON_BLOCKS = YES;
				GCC_WARN_64_TO_32_BIT_CONVERSION = YES;
				GCC_WARN_ABOUT_RETURN_TYPE = YES_ERROR;
				GCC_WARN_UNDECLARED_SELECTOR = YES;
				GCC_WARN_UNINITIALIZED_AUTOS = YES_AGGRESSIVE;
				GCC_WARN_UNUSED_FUNCTION = YES;
				GCC_WARN_UNUSED_VARIABLE = YES;
				IPHONEOS_DEPLOYMENT_TARGET = 12.1;
				MTL_ENABLE_DEBUG_INFO = NO;
				MTL_FAST_MATH = YES;
				SDKROOT = iphoneos;
				SWIFT_COMPILATION_MODE = wholemodule;
				SWIFT_OPTIMIZATION_LEVEL = "-O";
				VALIDATE_PRODUCT = YES;
			};
			name = Release;
		};
		D9CAF5F7269F4CEE00BDEE4C /* Debug */ = {
			isa = XCBuildConfiguration;
			baseConfigurationReference = 1C659D981BECC5E5305105FC /* Pods-FootballLeague.debug.xcconfig */;
			buildSettings = {
				ASSETCATALOG_COMPILER_APPICON_NAME = AppIcon;
				ASSETCATALOG_COMPILER_GLOBAL_ACCENT_COLOR_NAME = AccentColor;
				CODE_SIGN_STYLE = Automatic;
				DEVELOPMENT_TEAM = 57CN6FH4FY;
				INFOPLIST_FILE = FootballLeague/Configuration/Info.plist;
				IPHONEOS_DEPLOYMENT_TARGET = 12.1;
				LD_RUNPATH_SEARCH_PATHS = (
					"$(inherited)",
					"@executable_path/Frameworks",
				);
				PRODUCT_BUNDLE_IDENTIFIER = com.shemy.FootballLeague;
				PRODUCT_NAME = "$(TARGET_NAME)";
				SWIFT_VERSION = 5.0;
				TARGETED_DEVICE_FAMILY = "1,2";
			};
			name = Debug;
		};
		D9CAF5F8269F4CEE00BDEE4C /* Release */ = {
			isa = XCBuildConfiguration;
			baseConfigurationReference = 2352D92B71A5EC82A2D598E8 /* Pods-FootballLeague.release.xcconfig */;
			buildSettings = {
				ASSETCATALOG_COMPILER_APPICON_NAME = AppIcon;
				ASSETCATALOG_COMPILER_GLOBAL_ACCENT_COLOR_NAME = AccentColor;
				CODE_SIGN_STYLE = Automatic;
				DEVELOPMENT_TEAM = 57CN6FH4FY;
				INFOPLIST_FILE = FootballLeague/Configuration/Info.plist;
				IPHONEOS_DEPLOYMENT_TARGET = 12.1;
				LD_RUNPATH_SEARCH_PATHS = (
					"$(inherited)",
					"@executable_path/Frameworks",
				);
				PRODUCT_BUNDLE_IDENTIFIER = com.shemy.FootballLeague;
				PRODUCT_NAME = "$(TARGET_NAME)";
				SWIFT_VERSION = 5.0;
				TARGETED_DEVICE_FAMILY = "1,2";
			};
			name = Release;
		};
/* End XCBuildConfiguration section */

/* Begin XCConfigurationList section */
		D9CAF5DD269F4CE800BDEE4C /* Build configuration list for PBXProject "FootballLeague" */ = {
			isa = XCConfigurationList;
			buildConfigurations = (
				D9CAF5F4269F4CEE00BDEE4C /* Debug */,
				D9CAF5F5269F4CEE00BDEE4C /* Release */,
			);
			defaultConfigurationIsVisible = 0;
			defaultConfigurationName = Release;
		};
		D9CAF5F6269F4CEE00BDEE4C /* Build configuration list for PBXNativeTarget "FootballLeague" */ = {
			isa = XCConfigurationList;
			buildConfigurations = (
				D9CAF5F7269F4CEE00BDEE4C /* Debug */,
				D9CAF5F8269F4CEE00BDEE4C /* Release */,
			);
			defaultConfigurationIsVisible = 0;
			defaultConfigurationName = Release;
		};
/* End XCConfigurationList section */
	};
	rootObject = D9CAF5DA269F4CE800BDEE4C /* Project object */;
}
